{
    "_meta": {
        "hash": {
            "sha256": "09d17fc83fcb1f5366c059d7fbc03521e57aef09290536bc63355942974974bd"
        },
        "pipfile-spec": 6,
        "requires": {
            "python_version": "3.11"
        },
        "sources": [
            {
                "name": "pypi",
                "url": "https://pypi.org/simple",
                "verify_ssl": true
            }
        ]
    },
    "default": {
        "pyodbc": {
            "hashes": [
                "sha256:02fe9821711a2d14415eaeb4deab471d2c8b7034b107e524e414c0e133c42248",
                "sha256:1c5e0cb79222aad4b31a3602e39b242683c29c6221a16ed43f45f18fd0b73659",
                "sha256:218bb75d4bc67075529a65ce8ec7daeed1d83c33dd7410450fbf68d43d184d28",
                "sha256:29425e2d366e7f5828b76c7993f412a3db4f18bd5bcee00186c00b5a5965e205",
                "sha256:2cbdbd019756285dc44bc35238a3ed8dfaa454e8c8b2c3462f1710cfeebfb290",
                "sha256:33f0f1d7764cefef6f787936bd6359670828a6086be67518ab951f1f7f503cda",
                "sha256:33f4984af38872e7bdec78007a34e4d43ae72bf9d0bae3344e79d9d0db157c0e",
                "sha256:3602136a936bc0c1bb9722eb2fbf2042b3ff1ddccdc4688e514b82d4b831563b",
                "sha256:397feee44561a6580be08cedbe986436859563f4bb378f48224655c8e987ea60",
                "sha256:3c36448322f8d6479d87c528cf52401a6ea4f509b9637750b67340382b4e1b40",
                "sha256:406b8fa2133a7b6a713aa5187dba2d08cf763b5884606bed77610a7660fdfabe",
                "sha256:735f6da3762e5856b5580be0ed96bb946948346ebd1e526d5169a5513626a67a",
                "sha256:84df3bbce9bafe65abd25788d55c9f1da304f6115d70f25758ff8c85f3ce0517",
                "sha256:92caed9d445815ed3f7e5a1249e29a4600ebc1e99404df81b6ed7671074c9227",
                "sha256:96b2a8dc27693a517e3aad3944a7faa8be95d40d7ec1eda51a1885162eedfa33",
                "sha256:a1bd14633e91b7a9814f4fd944c9ebb89fb7f1fd4710c4e3999b5ef041536347",
                "sha256:a2bbd2e75c77dee9f3cd100c3246110abaeb9af3f7fa304ccc2934ff9c6a4fa4",
                "sha256:aa4e02d3a9bf819394510b726b25f1566f8b3f0891ca400ad2d4c8b86b535b78",
                "sha256:aa6f46377da303bf79bcb4b559899507df4b2559f30dcfdf191358ee4b99f3ab",
                "sha256:af5282cc8b667af97d76f4955250619a53f25486cbb6b1f45a06b781006ffa0b",
                "sha256:b0df69e3a500791b70b5748c68a79483b24428e4c16027b56aa0305e95c143a4",
                "sha256:b19d7f44cfee89901e482f554a88177e83fae76b03c3f830e0023a195d840220",
                "sha256:be3b1c36c31ec7d73d0b34a8ad8743573763fadd8f2bceef1e84408252b48dce",
                "sha256:bed1c843565d3a4fd8c332ebceaf33efe817657a0505eacb97dd1b786a985b0b",
                "sha256:c3b65343557f4c7753204e06f4c82c97ed212a636501f4bc27c5ce0e549eb3e8",
                "sha256:c5bb4e43f6c72f5fa2c634570e0d761767d8ea49f39205229b812fb4d3fe05aa",
                "sha256:d3d9cc4af703c4817b6e604315910b0cf5dcb68056d52b25ca072dd59c52dcbc",
                "sha256:e71a51c252b503b4d753e21ed31e640015fc0d00202d42ea42f2396fcc924b4a",
                "sha256:e738c5eedb4a0cbab20cc008882f49b106054499db56864057c2530ff208cf32",
                "sha256:eae576b3b67d21d6f237e18bb5f3df8323a2258f52c3e3afeef79269704072a9",
                "sha256:f8488c3818f12207650836c5c6f7352f9ff9f56a05a05512145995e497c0bbb1"
            ],
            "index": "pypi",
            "version": "==5.1.0"
        },
        "python-dotenv": {
            "hashes": [
                "sha256:e324ee90a023d808f1959c46bcbc04446a10ced277783dc6ee09987c37ec10ca",
                "sha256:f7b63ef50f1b690dddf550d03497b66d609393b40b564ed0d674909a68ebf16a"
            ],
            "index": "pypi",
            "version": "==1.0.1"
        }
    },
    "develop": {
        "astroid": {
            "hashes": [
                "sha256:0e14202810b30da1b735827f78f5157be2bbd4a7a59b7707ca0bfc2fb4c0063a",
                "sha256:413658a61eeca6202a59231abb473f932038fbcbf1666587f66d482083413a25"
            ],
            "markers": "python_full_version >= '3.8.0'",
            "version": "==3.2.4"
        },
        "colorama": {
            "hashes": [
                "sha256:08695f5cb7ed6e0531a20572697297273c47b8cae5a63ffc6d6ed5c201be6e44",
                "sha256:4f1d9991f5acc0ca119f9d443620b77f9d6b33703e51011c16baf57afb285fc6"
            ],
            "markers": "sys_platform == 'win32'",
            "version": "==0.4.6"
        },
        "dill": {
            "hashes": [
                "sha256:3ebe3c479ad625c4553aca177444d89b486b1d84982eeacded644afc0cf797ca",
                "sha256:c36ca9ffb54365bdd2f8eb3eff7d2a21237f8452b57ace88b1ac615b7e815bd7"
            ],
            "markers": "python_version >= '3.11'",
            "version": "==0.3.8"
        },
        "importlib-metadata": {
            "hashes": [
                "sha256:11901fa0c2f97919b288679932bb64febaeacf289d18ac84dd68cb2e74213369",
                "sha256:72e8d4399996132204f9a16dcc751af254a48f8d1b20b9ff0f98d4a8f901e73d"
            ],
            "markers": "python_version >= '3.8'",
            "version": "==8.2.0"
        },
        "isort": {
            "hashes": [
                "sha256:48fdfcb9face5d58a4f6dde2e72a1fb8dcaf8ab26f95ab49fab84c2ddefb0109",
                "sha256:8ca5e72a8d85860d5a3fa69b8745237f2939afe12dbf656afbcb47fe72d947a6"
            ],
            "markers": "python_full_version >= '3.8.0'",
            "version": "==5.13.2"
        },
        "mccabe": {
            "hashes": [
                "sha256:348e0240c33b60bbdf4e523192ef919f28cb2c3d7d5c7794f74009290f236325",
                "sha256:6c2d30ab6be0e4a46919781807b4f0d834ebdd6c6e3dca0bda5a15f863427b6e"
            ],
            "markers": "python_version >= '3.6'",
            "version": "==0.7.0"
        },
        "platformdirs": {
            "hashes": [
                "sha256:2d7a1657e36a80ea911db832a8a6ece5ee53d8de21edd5cc5879af6530b1bfee",
                "sha256:38b7b51f512eed9e84a22788b4bce1de17c0adb134d6becb09836e37d8654cd3"
            ],
            "markers": "python_version >= '3.8'",
            "version": "==4.2.2"
        },
        "pylint": {
            "hashes": [
                "sha256:03c8e3baa1d9fb995b12c1dbe00aa6c4bcef210c2a2634374aedeb22fb4a8f8f",
                "sha256:a5d01678349454806cff6d886fb072294f56a58c4761278c97fb557d708e1eb3"
            ],
            "index": "pypi",
            "version": "==3.2.6"
        },
        "tomli": {
            "hashes": [
                "sha256:939de3e7a6161af0c887ef91b7d41a53e7c5a1ca976325f429cb46ea9bc30ecc",
                "sha256:de526c12914f0c550d15924c62d72abc48d6fe7364aa87328337a31007fe8a4f"
            ],
            "markers": "python_version >= '3.7'",
            "version": "==2.0.1"
        },
        "tomlkit": {
            "hashes": [
                "sha256:08ad192699734149f5b97b45f1f18dad7eb1b6d16bc72ad0c2335772650d7b72",
                "sha256:7075d3042d03b80f603482d69bf0c8f345c2b30e41699fd8883227f89972b264"
            ],
            "markers": "python_version >= '3.8'",
            "version": "==0.13.0"
        },
        "yapf": {
            "hashes": [
                "sha256:4dab8a5ed7134e26d57c1647c7483afb3f136878b579062b786c9ba16b94637b",
                "sha256:adc8b5dd02c0143108878c499284205adb258aad6db6634e5b869e7ee2bd548b"
            ],
            "index": "pypi",
            "version": "==0.40.2"
        },
        "zipp": {
            "hashes": [
                "sha256:bf1dcf6450f873a13e952a29504887c89e6de7506209e5b1bcc3460135d4de19",
                "sha256:f091755f667055f2d02b32c53771a7a6c8b47e1fdbc4b72a8b9072b3eef8015c"
            ],
            "markers": "python_version >= '3.8'",
            "version": "==3.19.2"
        }
    }
}
